
Microsoft Visual Studio Solution File, Format Version 12.00
# Visual Studio Version 16
VisualStudioVersion = 16.0.31729.503
MinimumVisualStudioVersion = 10.0.40219.1
Project("{FAE04EC0-301F-11D3-BF4B-00C04F79EFBC}") = "LostEvoRewrite", "LostEvoRewrite.csproj", "{6FC9A744-6E75-45DD-93F2-170699FC0C44}"
EndProject
Global
	GlobalSection(SolutionConfigurationPlatforms) = preSolution
		Debug|Any CPU = Debug|Any CPU
		Release|Any CPU = Release|Any CPU
	EndGlobalSection
	GlobalSection(ProjectConfigurationPlatforms) = postSolution
		{6FC9A744-6E75-45DD-93F2-170699FC0C44}.Debug|Any CPU.ActiveCfg = Debug|Any CPU
		{6FC9A744-6E75-45DD-93F2-170699FC0C44}.Debug|Any CPU.Build.0 = Debug|Any CPU
		{6FC9A744-6E75-45DD-93F2-170699FC0C44}.Release|Any CPU.ActiveCfg = Release|Any CPU
		{6FC9A744-6E75-45DD-93F2-170699FC0C44}.Release|Any CPU.Build.0 = Release|Any CPU
	EndGlobalSection
	GlobalSection(SolutionProperties) = preSolution
		HideSolutionNode = FALSE
	EndGlobalSection
	GlobalSection(ExtensibilityGlobals) = postSolution
		SolutionGuid = {D8CF7A8E-75DE-41CE-B427-DFEEE7E1A3A6}
	EndGlobalSection
EndGlobal
